
Microsoft Visual Studio Solution File, Format Version 12.00
# Visual Studio Version 16
VisualStudioVersion = 16.0.28803.352
MinimumVisualStudioVersion = 10.0.40219.1
Project("{9A19103F-16F7-4668-BE54-9A1E7A4F7556}") = "Sandwish.Server", "Sandwish.Server\Sandwish.Server.csproj", "{1052AB4D-F0B5-4B28-88D9-88088C715CF0}"
EndProject
Project("{9A19103F-16F7-4668-BE54-9A1E7A4F7556}") = "Sandwish.Server.Repository", "Sandwish.Server.Repository\Sandwish.Server.Repository.csproj", "{86FDB9FE-32A7-40D6-A421-2FD875DE342A}"
EndProject
Project("{9A19103F-16F7-4668-BE54-9A1E7A4F7556}") = "Sandwish.Server.Service", "Sandwish.Server.Service\Sandwish.Server.Service.csproj", "{25144D1E-FF34-466F-9835-F66BFC66C41B}"
EndProject
Project("{FAE04EC0-301F-11D3-BF4B-00C04F79EFBC}") = "Sandwish.Test", "Sandwish.Test\Sandwish.Test.csproj", "{0DF7B519-7959-4671-A3B7-3D09982FB7FE}"
EndProject
Global
	GlobalSection(SolutionConfigurationPlatforms) = preSolution
		Debug|Any CPU = Debug|Any CPU
		Release|Any CPU = Release|Any CPU
	EndGlobalSection
	GlobalSection(ProjectConfigurationPlatforms) = postSolution
		{1052AB4D-F0B5-4B28-88D9-88088C715CF0}.Debug|Any CPU.ActiveCfg = Debug|Any CPU
		{1052AB4D-F0B5-4B28-88D9-88088C715CF0}.Debug|Any CPU.Build.0 = Debug|Any CPU
		{1052AB4D-F0B5-4B28-88D9-88088C715CF0}.Release|Any CPU.ActiveCfg = Release|Any CPU
		{1052AB4D-F0B5-4B28-88D9-88088C715CF0}.Release|Any CPU.Build.0 = Release|Any CPU
		{86FDB9FE-32A7-40D6-A421-2FD875DE342A}.Debug|Any CPU.ActiveCfg = Debug|Any CPU
		{86FDB9FE-32A7-40D6-A421-2FD875DE342A}.Debug|Any CPU.Build.0 = Debug|Any CPU
		{86FDB9FE-32A7-40D6-A421-2FD875DE342A}.Release|Any CPU.ActiveCfg = Release|Any CPU
		{86FDB9FE-32A7-40D6-A421-2FD875DE342A}.Release|Any CPU.Build.0 = Release|Any CPU
		{25144D1E-FF34-466F-9835-F66BFC66C41B}.Debug|Any CPU.ActiveCfg = Debug|Any CPU
		{25144D1E-FF34-466F-9835-F66BFC66C41B}.Debug|Any CPU.Build.0 = Debug|Any CPU
		{25144D1E-FF34-466F-9835-F66BFC66C41B}.Release|Any CPU.ActiveCfg = Release|Any CPU
		{25144D1E-FF34-466F-9835-F66BFC66C41B}.Release|Any CPU.Build.0 = Release|Any CPU
		{0DF7B519-7959-4671-A3B7-3D09982FB7FE}.Debug|Any CPU.ActiveCfg = Debug|Any CPU
		{0DF7B519-7959-4671-A3B7-3D09982FB7FE}.Debug|Any CPU.Build.0 = Debug|Any CPU
		{0DF7B519-7959-4671-A3B7-3D09982FB7FE}.Release|Any CPU.ActiveCfg = Release|Any CPU
		{0DF7B519-7959-4671-A3B7-3D09982FB7FE}.Release|Any CPU.Build.0 = Release|Any CPU
	EndGlobalSection
	GlobalSection(SolutionProperties) = preSolution
		HideSolutionNode = FALSE
	EndGlobalSection
	GlobalSection(ExtensibilityGlobals) = postSolution
		SolutionGuid = {EF7D132F-B068-4455-A882-B3BE92464EED}
	EndGlobalSection
EndGlobal
